{
  "requires": true,
  "lockfileVersion": 1,
  "dependencies": {
    "cooltipz-css": {
      "version": "2.3.0",
      "resolved": "https://registry.npmjs.org/cooltipz-css/-/cooltipz-css-2.3.0.tgz",
      "integrity": "sha512-lB5mN5euKmVH/G4r9W80qUFxDsHpU7lactEVQ2W+EWMrI5SYxw5AQn09IDtuGn0+h4Ou72bvUL8FUpX8jLdyyQ=="
    }
  }
}
